// !$*UTF8*$!
{
	archiveVersion = 1;
	classes = {
	};
	objectVersion = 46;
	objects = {

/* Begin PBXBuildFile section */
		68F109FE1C5C8F01000F3FE9 /* AppDelegate.swift in Sources */ = {isa = PBXBuildFile; fileRef = 68F109FD1C5C8F01000F3FE9 /* AppDelegate.swift */; };
		68F10A001C5C8F01000F3FE9 /* ViewController.swift in Sources */ = {isa = PBXBuildFile; fileRef = 68F109FF1C5C8F01000F3FE9 /* ViewController.swift */; };
		68F10A031C5C8F01000F3FE9 /* Main.storyboard in Resources */ = {isa = PBXBuildFile; fileRef = 68F10A011C5C8F01000F3FE9 /* Main.storyboard */; };
		68F10A051C5C8F01000F3FE9 /* Assets.xcassets in Resources */ = {isa = PBXBuildFile; fileRef = 68F10A041C5C8F01000F3FE9 /* Assets.xcassets */; };
		68F10A081C5C8F01000F3FE9 /* LaunchScreen.storyboard in Resources */ = {isa = PBXBuildFile; fileRef = 68F10A061C5C8F01000F3FE9 /* LaunchScreen.storyboard */; };
		68F10A101C5C90B0000F3FE9 /* Downloader.swift in Sources */ = {isa = PBXBuildFile; fileRef = 68F10A0F1C5C90B0000F3FE9 /* Downloader.swift */; };
/* End PBXBuildFile section */

/* Begin PBXFileReference section */
		68F109FA1C5C8F01000F3FE9 /* GCDDemo.app */ = {isa = PBXFileReference; explicitFileType = wrapper.application; includeInIndex = 0; path = GCDDemo.app; sourceTree = BUILT_PRODUCTS_DIR; };
		68F109FD1C5C8F01000F3FE9 /* AppDelegate.swift */ = {isa = PBXFileReference; lastKnownFileType = sourcecode.swift; path = AppDelegate.swift; sourceTree = "<group>"; };
		68F109FF1C5C8F01000F3FE9 /* ViewController.swift */ = {isa = PBXFileReference; lastKnownFileType = sourcecode.swift; path = ViewController.swift; sourceTree = "<group>"; };
		68F10A021C5C8F01000F3FE9 /* Base */ = {isa = PBXFileReference; lastKnownFileType = file.storyboard; name = Base; path = Base.lproj/Main.storyboard; sourceTree = "<group>"; };
		68F10A041C5C8F01000F3FE9 /* Assets.xcassets */ = {isa = PBXFileReference; lastKnownFileType = folder.assetcatalog; path = Assets.xcassets; sourceTree = "<group>"; };
		68F10A071C5C8F01000F3FE9 /* Base */ = {isa = PBXFileReference; lastKnownFileType = file.storyboard; name = Base; path = Base.lproj/LaunchScreen.storyboard; sourceTree = "<group>"; };
		68F10A091C5C8F01000F3FE9 /* Info.plist */ = {isa = PBXFileReference; lastKnownFileType = text.plist.xml; path = Info.plist; sourceTree = "<group>"; };
		68F10A0F1C5C90B0000F3FE9 /* Downloader.swift */ = {isa = PBXFileReference; fileEncoding = 4; lastKnownFileType = sourcecode.swift; path = Downloader.swift; sourceTree = "<group>"; };
/* End PBXFileReference section */

/* Begin PBXFrameworksBuildPhase section */
		68F109F71C5C8F01000F3FE9 /* Frameworks */ = {
			isa = PBXFrameworksBuildPhase;
			buildActionMask = 2147483647;
			files = (
			);
			runOnlyForDeploymentPostprocessing = 0;
		};
/* End PBXFrameworksBuildPhase section */

/* Begin PBXGroup section */
		68F109F11C5C8F01000F3FE9 = {
			isa = PBXGroup;
			children = (
				68F109FC1C5C8F01000F3FE9 /* GCDDemo */,
				68F109FB1C5C8F01000F3FE9 /* Products */,
			);
			sourceTree = "<group>";
		};
		68F109FB1C5C8F01000F3FE9 /* Products */ = {
			isa = PBXGroup;
			children = (
				68F109FA1C5C8F01000F3FE9 /* GCDDemo.app */,
			);
			name = Products;
			sourceTree = "<group>";
		};
		68F109FC1C5C8F01000F3FE9 /* GCDDemo */ = {
			isa = PBXGroup;
			children = (
				68F109FD1C5C8F01000F3FE9 /* AppDelegate.swift */,
				68F109FF1C5C8F01000F3FE9 /* ViewController.swift */,
				68F10A011C5C8F01000F3FE9 /* Main.storyboard */,
				68F10A041C5C8F01000F3FE9 /* Assets.xcassets */,
				68F10A061C5C8F01000F3FE9 /* LaunchScreen.storyboard */,
				68F10A091C5C8F01000F3FE9 /* Info.plist */,
				68F10A0F1C5C90B0000F3FE9 /* Downloader.swift */,
			);
			path = GCDDemo;
			sourceTree = "<group>";
		};
/* End PBXGroup section */

/* Begin PBXNativeTarget section */
		68F109F91C5C8F01000F3FE9 /* GCDDemo */ = {
			isa = PBXNativeTarget;
			buildConfigurationList = 68F10A0C1C5C8F01000F3FE9 /* Build configuration list for PBXNativeTarget "GCDDemo" */;
			buildPhases = (
				68F109F61C5C8F01000F3FE9 /* Sources */,
				68F109F71C5C8F01000F3FE9 /* Frameworks */,
				68F109F81C5C8F01000F3FE9 /* Resources */,
			);
			buildRules = (
			);
			dependencies = (
			);
			name = GCDDemo;
			productName = GCDDemo;
			productReference = 68F109FA1C5C8F01000F3FE9 /* GCDDemo.app */;
			productType = "com.apple.product-type.application";
		};
/* End PBXNativeTarget section */

/* Begin PBXProject section */
		68F109F21C5C8F01000F3FE9 /* Project object */ = {
			isa = PBXProject;
			attributes = {
				LastSwiftUpdateCheck = 0720;
				LastUpgradeCheck = 0720;
				ORGANIZATIONNAME = Boxue;
				TargetAttributes = {
					68F109F91C5C8F01000F3FE9 = {
						CreatedOnToolsVersion = 7.2;
					};
				};
			};
			buildConfigurationList = 68F109F51C5C8F01000F3FE9 /* Build configuration list for PBXProject "GCDDemo" */;
			compatibilityVersion = "Xcode 3.2";
			developmentRegion = English;
			hasScannedForEncodings = 0;
			knownRegions = (
				en,
				Base,
			);
			mainGroup = 68F109F11C5C8F01000F3FE9;
			productRefGroup = 68F109FB1C5C8F01000F3FE9 /* Products */;
			projectDirPath = "";
			projectRoot = "";
			targets = (
				68F109F91C5C8F01000F3FE9 /* GCDDemo */,
			);
		};
/* End PBXProject section */

/* Begin PBXResourcesBuildPhase section */
		68F109F81C5C8F01000F3FE9 /* Resources */ = {
			isa = PBXResourcesBuildPhase;
			buildActionMask = 2147483647;
			files = (
				68F10A081C5C8F01000F3FE9 /* LaunchScreen.storyboard in Resources */,
				68F10A051C5C8F01000F3FE9 /* Assets.xcassets in Resources */,
				68F10A031C5C8F01000F3FE9 /* Main.storyboard in Resources */,
			);
			runOnlyForDeploymentPostprocessing = 0;
		};
/* End PBXResourcesBuildPhase section */

/* Begin PBXSourcesBuildPhase section */
		68F109F61C5C8F01000F3FE9 /* Sources */ = {
			isa = PBXSourcesBuildPhase;
			buildActionMask = 2147483647;
			files = (
				68F10A001C5C8F01000F3FE9 /* ViewController.swift in Sources */,
				68F109FE1C5C8F01000F3FE9 /* AppDelegate.swift in Sources */,
				68F10A101C5C90B0000F3FE9 /* Downloader.swift in Sources */,
			);
			runOnlyForDeploymentPostprocessing = 0;
		};
/* End PBXSourcesBuildPhase section */

/* Begin PBXVariantGroup section */
		68F10A011C5C8F01000F3FE9 /* Main.storyboard */ = {
			isa = PBXVariantGroup;
			children = (
				68F10A021C5C8F01000F3FE9 /* Base */,
			);
			name = Main.storyboard;
			sourceTree = "<group>";
		};
		68F10A061C5C8F01000F3FE9 /* LaunchScreen.storyboard */ = {
			isa = PBXVariantGroup;
			children = (
				68F10A071C5C8F01000F3FE9 /* Base */,
			);
			name = LaunchScreen.storyboard;
			sourceTree = "<group>";
		};
/* End PBXVariantGroup section */

/* Begin XCBuildConfiguration section */
		68F10A0A1C5C8F01000F3FE9 /* Debug */ = {
			isa = XCBuildConfiguration;
			buildSettings = {
				ALWAYS_SEARCH_USER_PATHS = NO;
				CLANG_CXX_LANGUAGE_STANDARD = "gnu++0x";
				CLANG_CXX_LIBRARY = "libc++";
				CLANG_ENABLE_MODULES = YES;
				CLANG_ENABLE_OBJC_ARC = YES;
				CLANG_WARN_BOOL_CONVERSION = YES;
				CLANG_WARN_CONSTANT_CONVERSION = YES;
				CLANG_WARN_DIRECT_OBJC_ISA_USAGE = YES_ERROR;
				CLANG_WARN_EMPTY_BODY = YES;
				CLANG_WARN_ENUM_CONVERSION = YES;
				CLANG_WARN_INT_CONVERSION = YES;
				CLANG_WARN_OBJC_ROOT_CLASS = YES_ERROR;
				CLANG_WARN_UNREACHABLE_CODE = YES;
				CLANG_WARN__DUPLICATE_METHOD_MATCH = YES;
				"CODE_SIGN_IDENTITY[sdk=iphoneos*]" = "iPhone Developer";
				COPY_PHASE_STRIP = NO;
				DEBUG_INFORMATION_FORMAT = dwarf;
				ENABLE_STRICT_OBJC_MSGSEND = YES;
				ENABLE_TESTABILITY = YES;
				GCC_C_LANGUAGE_STANDARD = gnu99;
				GCC_DYNAMIC_NO_PIC = NO;
				GCC_NO_COMMON_BLOCKS = YES;
				GCC_OPTIMIZATION_LEVEL = 0;
				GCC_PREPROCESSOR_DEFINITIONS = (
					"DEBUG=1",
					"$(inherited)",
				);
				GCC_WARN_64_TO_32_BIT_CONVERSION = YES;
				GCC_WARN_ABOUT_RETURN_TYPE = YES_ERROR;
				GCC_WARN_UNDECLARED_SELECTOR = YES;
				GCC_WARN_UNINITIALIZED_AUTOS = YES_AGGRESSIVE;
				GCC_WARN_UNUSED_FUNCTION = YES;
				GCC_WARN_UNUSED_VARIABLE = YES;
				IPHONEOS_DEPLOYMENT_TARGET = 9.2;
				MTL_ENABLE_DEBUG_INFO = YES;
				ONLY_ACTIVE_ARCH = YES;
				SDKROOT = iphoneos;
				SWIFT_OPTIMIZATION_LEVEL = "-Onone";
			};
			name = Debug;
		};
		68F10A0B1C5C8F01000F3FE9 /* Release */ = {
			isa = XCBuildConfiguration;
			buildSettings = {
				ALWAYS_SEARCH_USER_PATHS = NO;
				CLANG_CXX_LANGUAGE_STANDARD = "gnu++0x";
				CLANG_CXX_LIBRARY = "libc++";
				CLANG_ENABLE_MODULES = YES;
				CLANG_ENABLE_OBJC_ARC = YES;
				CLANG_WARN_BOOL_CONVERSION = YES;
				CLANG_WARN_CONSTANT_CONVERSION = YES;
				CLANG_WARN_DIRECT_OBJC_ISA_USAGE = YES_ERROR;
				CLANG_WARN_EMPTY_BODY = YES;
				CLANG_WARN_ENUM_CONVERSION = YES;
				CLANG_WARN_INT_CONVERSION = YES;
				CLANG_WARN_OBJC_ROOT_CLASS = YES_ERROR;
				CLANG_WARN_UNREACHABLE_CODE = YES;
				CLANG_WARN__DUPLICATE_METHOD_MATCH = YES;
				"CODE_SIGN_IDENTITY[sdk=iphoneos*]" = "iPhone Developer";
				COPY_PHASE_STRIP = NO;
				DEBUG_INFORMATION_FORMAT = "dwarf-with-dsym";
				ENABLE_NS_ASSERTIONS = NO;
				ENABLE_STRICT_OBJC_MSGSEND = YES;
				GCC_C_LANGUAGE_STANDARD = gnu99;
				GCC_NO_COMMON_BLOCKS = YES;
				GCC_WARN_64_TO_32_BIT_CONVERSION = YES;
				GCC_WARN_ABOUT_RETURN_TYPE = YES_ERROR;
				GCC_WARN_UNDECLARED_SELECTOR = YES;
				GCC_WARN_UNINITIALIZED_AUTOS = YES_AGGRESSIVE;
				GCC_WARN_UNUSED_FUNCTION = YES;
				GCC_WARN_UNUSED_VARIABLE = YES;
				IPHONEOS_DEPLOYMENT_TARGET = 9.2;
				MTL_ENABLE_DEBUG_INFO = NO;
				SDKROOT = iphoneos;
				VALIDATE_PRODUCT = YES;
			};
			name = Release;
		};
		68F10A0D1C5C8F01000F3FE9 /* Debug */ = {
			isa = XCBuildConfiguration;
			buildSettings = {
				ASSETCATALOG_COMPILER_APPICON_NAME = AppIcon;
				INFOPLIST_FILE = GCDDemo/Info.plist;
				LD_RUNPATH_SEARCH_PATHS = "$(inherited) @executable_path/Frameworks";
				PRODUCT_BUNDLE_IDENTIFIER = bx.GCDDemo;
				PRODUCT_NAME = "$(TARGET_NAME)";
			};
			name = Debug;
		};
		68F10A0E1C5C8F01000F3FE9 /* Release */ = {
			isa = XCBuildConfiguration;
			buildSettings = {
				ASSETCATALOG_COMPILER_APPICON_NAME = AppIcon;
				INFOPLIST_FILE = GCDDemo/Info.plist;
				LD_RUNPATH_SEARCH_PATHS = "$(inherited) @executable_path/Frameworks";
				PRODUCT_BUNDLE_IDENTIFIER = bx.GCDDemo;
				PRODUCT_NAME = "$(TARGET_NAME)";
			};
			name = Release;
		};
/* End XCBuildConfiguration section */

/* Begin XCConfigurationList section */
		68F109F51C5C8F01000F3FE9 /* Build configuration list for PBXProject "GCDDemo" */ = {
			isa = XCConfigurationList;
			buildConfigurations = (
				68F10A0A1C5C8F01000F3FE9 /* Debug */,
				68F10A0B1C5C8F01000F3FE9 /* Release */,
			);
			defaultConfigurationIsVisible = 0;
			defaultConfigurationName = Release;
		};
		68F10A0C1C5C8F01000F3FE9 /* Build configuration list for PBXNativeTarget "GCDDemo" */ = {
			isa = XCConfigurationList;
			buildConfigurations = (
				68F10A0D1C5C8F01000F3FE9 /* Debug */,
				68F10A0E1C5C8F01000F3FE9 /* Release */,
			);
			defaultConfigurationIsVisible = 0;
		};
/* End XCConfigurationList section */
	};
	rootObject = 68F109F21C5C8F01000F3FE9 /* Project object */;
}
