// !$*UTF8*$!
{
	archiveVersion = 1;
	classes = {
	};
	objectVersion = 46;
	objects = {

/* Begin PBXBuildFile section */
		3D26063F419C2633F5AF073E /* Pods_ReactiveLogin.framework in Frameworks */ = {isa = PBXBuildFile; fileRef = C0E795E1C0CF840E5DFDB5DF /* Pods_ReactiveLogin.framework */; };
		689B21611CF2CE0400247131 /* InputValidator.swift in Sources */ = {isa = PBXBuildFile; fileRef = 689B21601CF2CE0400247131 /* InputValidator.swift */; };
		68D8FDE31CF0130E008E18B2 /* AppDelegate.swift in Sources */ = {isa = PBXBuildFile; fileRef = 68D8FDE21CF0130E008E18B2 /* AppDelegate.swift */; };
		68D8FDE51CF0130E008E18B2 /* ViewController.swift in Sources */ = {isa = PBXBuildFile; fileRef = 68D8FDE41CF0130E008E18B2 /* ViewController.swift */; };
		68D8FDE81CF0130E008E18B2 /* Main.storyboard in Resources */ = {isa = PBXBuildFile; fileRef = 68D8FDE61CF0130E008E18B2 /* Main.storyboard */; };
		68D8FDEA1CF0130E008E18B2 /* Assets.xcassets in Resources */ = {isa = PBXBuildFile; fileRef = 68D8FDE91CF0130E008E18B2 /* Assets.xcassets */; };
		68D8FDED1CF0130E008E18B2 /* LaunchScreen.storyboard in Resources */ = {isa = PBXBuildFile; fileRef = 68D8FDEB1CF0130E008E18B2 /* LaunchScreen.storyboard */; };
/* End PBXBuildFile section */

/* Begin PBXFileReference section */
		64A6DE8117A937FA599FFC64 /* Pods-ReactiveLogin.release.xcconfig */ = {isa = PBXFileReference; includeInIndex = 1; lastKnownFileType = text.xcconfig; name = "Pods-ReactiveLogin.release.xcconfig"; path = "Pods/Target Support Files/Pods-ReactiveLogin/Pods-ReactiveLogin.release.xcconfig"; sourceTree = "<group>"; };
		689B21601CF2CE0400247131 /* InputValidator.swift */ = {isa = PBXFileReference; fileEncoding = 4; lastKnownFileType = sourcecode.swift; path = InputValidator.swift; sourceTree = "<group>"; };
		68D8FDDF1CF0130E008E18B2 /* ReactiveLogin.app */ = {isa = PBXFileReference; explicitFileType = wrapper.application; includeInIndex = 0; path = ReactiveLogin.app; sourceTree = BUILT_PRODUCTS_DIR; };
		68D8FDE21CF0130E008E18B2 /* AppDelegate.swift */ = {isa = PBXFileReference; lastKnownFileType = sourcecode.swift; path = AppDelegate.swift; sourceTree = "<group>"; };
		68D8FDE41CF0130E008E18B2 /* ViewController.swift */ = {isa = PBXFileReference; lastKnownFileType = sourcecode.swift; path = ViewController.swift; sourceTree = "<group>"; };
		68D8FDE71CF0130E008E18B2 /* Base */ = {isa = PBXFileReference; lastKnownFileType = file.storyboard; name = Base; path = Base.lproj/Main.storyboard; sourceTree = "<group>"; };
		68D8FDE91CF0130E008E18B2 /* Assets.xcassets */ = {isa = PBXFileReference; lastKnownFileType = folder.assetcatalog; path = Assets.xcassets; sourceTree = "<group>"; };
		68D8FDEC1CF0130E008E18B2 /* Base */ = {isa = PBXFileReference; lastKnownFileType = file.storyboard; name = Base; path = Base.lproj/LaunchScreen.storyboard; sourceTree = "<group>"; };
		68D8FDEE1CF0130E008E18B2 /* Info.plist */ = {isa = PBXFileReference; lastKnownFileType = text.plist.xml; path = Info.plist; sourceTree = "<group>"; };
		C0E795E1C0CF840E5DFDB5DF /* Pods_ReactiveLogin.framework */ = {isa = PBXFileReference; explicitFileType = wrapper.framework; includeInIndex = 0; path = Pods_ReactiveLogin.framework; sourceTree = BUILT_PRODUCTS_DIR; };
		EBA03C7DD31DFA6DFE1AB111 /* Pods-ReactiveLogin.debug.xcconfig */ = {isa = PBXFileReference; includeInIndex = 1; lastKnownFileType = text.xcconfig; name = "Pods-ReactiveLogin.debug.xcconfig"; path = "Pods/Target Support Files/Pods-ReactiveLogin/Pods-ReactiveLogin.debug.xcconfig"; sourceTree = "<group>"; };
/* End PBXFileReference section */

/* Begin PBXFrameworksBuildPhase section */
		68D8FDDC1CF0130E008E18B2 /* Frameworks */ = {
			isa = PBXFrameworksBuildPhase;
			buildActionMask = 2147483647;
			files = (
				3D26063F419C2633F5AF073E /* Pods_ReactiveLogin.framework in Frameworks */,
			);
			runOnlyForDeploymentPostprocessing = 0;
		};
/* End PBXFrameworksBuildPhase section */

/* Begin PBXGroup section */
		68D8FDD61CF0130E008E18B2 = {
			isa = PBXGroup;
			children = (
				68D8FDE11CF0130E008E18B2 /* ReactiveLogin */,
				68D8FDE01CF0130E008E18B2 /* Products */,
				7F99CC08CDB33906A2C7ABC7 /* Pods */,
				D907DEE61DED7052188244ED /* Frameworks */,
			);
			sourceTree = "<group>";
		};
		68D8FDE01CF0130E008E18B2 /* Products */ = {
			isa = PBXGroup;
			children = (
				68D8FDDF1CF0130E008E18B2 /* ReactiveLogin.app */,
			);
			name = Products;
			sourceTree = "<group>";
		};
		68D8FDE11CF0130E008E18B2 /* ReactiveLogin */ = {
			isa = PBXGroup;
			children = (
				68D8FDE21CF0130E008E18B2 /* AppDelegate.swift */,
				68D8FDE41CF0130E008E18B2 /* ViewController.swift */,
				68D8FDE61CF0130E008E18B2 /* Main.storyboard */,
				68D8FDE91CF0130E008E18B2 /* Assets.xcassets */,
				68D8FDEB1CF0130E008E18B2 /* LaunchScreen.storyboard */,
				68D8FDEE1CF0130E008E18B2 /* Info.plist */,
				689B21601CF2CE0400247131 /* InputValidator.swift */,
			);
			path = ReactiveLogin;
			sourceTree = "<group>";
		};
		7F99CC08CDB33906A2C7ABC7 /* Pods */ = {
			isa = PBXGroup;
			children = (
				EBA03C7DD31DFA6DFE1AB111 /* Pods-ReactiveLogin.debug.xcconfig */,
				64A6DE8117A937FA599FFC64 /* Pods-ReactiveLogin.release.xcconfig */,
			);
			name = Pods;
			sourceTree = "<group>";
		};
		D907DEE61DED7052188244ED /* Frameworks */ = {
			isa = PBXGroup;
			children = (
				C0E795E1C0CF840E5DFDB5DF /* Pods_ReactiveLogin.framework */,
			);
			name = Frameworks;
			sourceTree = "<group>";
		};
/* End PBXGroup section */

/* Begin PBXNativeTarget section */
		68D8FDDE1CF0130E008E18B2 /* ReactiveLogin */ = {
			isa = PBXNativeTarget;
			buildConfigurationList = 68D8FDF11CF0130E008E18B2 /* Build configuration list for PBXNativeTarget "ReactiveLogin" */;
			buildPhases = (
				70CA239CE26A42755D8F59B5 /* Check Pods Manifest.lock */,
				68D8FDDB1CF0130E008E18B2 /* Sources */,
				68D8FDDC1CF0130E008E18B2 /* Frameworks */,
				68D8FDDD1CF0130E008E18B2 /* Resources */,
				BA82E414B16C7B43C930525E /* Embed Pods Frameworks */,
				8C5AAD2A2319F7CD31799EB9 /* Copy Pods Resources */,
			);
			buildRules = (
			);
			dependencies = (
			);
			name = ReactiveLogin;
			productName = ReactiveLogin;
			productReference = 68D8FDDF1CF0130E008E18B2 /* ReactiveLogin.app */;
			productType = "com.apple.product-type.application";
		};
/* End PBXNativeTarget section */

/* Begin PBXProject section */
		68D8FDD71CF0130E008E18B2 /* Project object */ = {
			isa = PBXProject;
			attributes = {
				LastSwiftUpdateCheck = 0730;
				LastUpgradeCheck = 0730;
				ORGANIZATIONNAME = Boxue;
				TargetAttributes = {
					68D8FDDE1CF0130E008E18B2 = {
						CreatedOnToolsVersion = 7.3;
					};
				};
			};
			buildConfigurationList = 68D8FDDA1CF0130E008E18B2 /* Build configuration list for PBXProject "ReactiveLogin" */;
			compatibilityVersion = "Xcode 3.2";
			developmentRegion = English;
			hasScannedForEncodings = 0;
			knownRegions = (
				en,
				Base,
			);
			mainGroup = 68D8FDD61CF0130E008E18B2;
			productRefGroup = 68D8FDE01CF0130E008E18B2 /* Products */;
			projectDirPath = "";
			projectRoot = "";
			targets = (
				68D8FDDE1CF0130E008E18B2 /* ReactiveLogin */,
			);
		};
/* End PBXProject section */

/* Begin PBXResourcesBuildPhase section */
		68D8FDDD1CF0130E008E18B2 /* Resources */ = {
			isa = PBXResourcesBuildPhase;
			buildActionMask = 2147483647;
			files = (
				68D8FDED1CF0130E008E18B2 /* LaunchScreen.storyboard in Resources */,
				68D8FDEA1CF0130E008E18B2 /* Assets.xcassets in Resources */,
				68D8FDE81CF0130E008E18B2 /* Main.storyboard in Resources */,
			);
			runOnlyForDeploymentPostprocessing = 0;
		};
/* End PBXResourcesBuildPhase section */

/* Begin PBXShellScriptBuildPhase section */
		70CA239CE26A42755D8F59B5 /* Check Pods Manifest.lock */ = {
			isa = PBXShellScriptBuildPhase;
			buildActionMask = 2147483647;
			files = (
			);
			inputPaths = (
			);
			name = "Check Pods Manifest.lock";
			outputPaths = (
			);
			runOnlyForDeploymentPostprocessing = 0;
			shellPath = /bin/sh;
			shellScript = "diff \"${PODS_ROOT}/../Podfile.lock\" \"${PODS_ROOT}/Manifest.lock\" > /dev/null\nif [[ $? != 0 ]] ; then\n    cat << EOM\nerror: The sandbox is not in sync with the Podfile.lock. Run 'pod install' or update your CocoaPods installation.\nEOM\n    exit 1\nfi\n";
			showEnvVarsInLog = 0;
		};
		8C5AAD2A2319F7CD31799EB9 /* Copy Pods Resources */ = {
			isa = PBXShellScriptBuildPhase;
			buildActionMask = 2147483647;
			files = (
			);
			inputPaths = (
			);
			name = "Copy Pods Resources";
			outputPaths = (
			);
			runOnlyForDeploymentPostprocessing = 0;
			shellPath = /bin/sh;
			shellScript = "\"${SRCROOT}/Pods/Target Support Files/Pods-ReactiveLogin/Pods-ReactiveLogin-resources.sh\"\n";
			showEnvVarsInLog = 0;
		};
		BA82E414B16C7B43C930525E /* Embed Pods Frameworks */ = {
			isa = PBXShellScriptBuildPhase;
			buildActionMask = 2147483647;
			files = (
			);
			inputPaths = (
			);
			name = "Embed Pods Frameworks";
			outputPaths = (
			);
			runOnlyForDeploymentPostprocessing = 0;
			shellPath = /bin/sh;
			shellScript = "\"${SRCROOT}/Pods/Target Support Files/Pods-ReactiveLogin/Pods-ReactiveLogin-frameworks.sh\"\n";
			showEnvVarsInLog = 0;
		};
/* End PBXShellScriptBuildPhase section */

/* Begin PBXSourcesBuildPhase section */
		68D8FDDB1CF0130E008E18B2 /* Sources */ = {
			isa = PBXSourcesBuildPhase;
			buildActionMask = 2147483647;
			files = (
				68D8FDE51CF0130E008E18B2 /* ViewController.swift in Sources */,
				689B21611CF2CE0400247131 /* InputValidator.swift in Sources */,
				68D8FDE31CF0130E008E18B2 /* AppDelegate.swift in Sources */,
			);
			runOnlyForDeploymentPostprocessing = 0;
		};
/* End PBXSourcesBuildPhase section */

/* Begin PBXVariantGroup section */
		68D8FDE61CF0130E008E18B2 /* Main.storyboard */ = {
			isa = PBXVariantGroup;
			children = (
				68D8FDE71CF0130E008E18B2 /* Base */,
			);
			name = Main.storyboard;
			sourceTree = "<group>";
		};
		68D8FDEB1CF0130E008E18B2 /* LaunchScreen.storyboard */ = {
			isa = PBXVariantGroup;
			children = (
				68D8FDEC1CF0130E008E18B2 /* Base */,
			);
			name = LaunchScreen.storyboard;
			sourceTree = "<group>";
		};
/* End PBXVariantGroup section */

/* Begin XCBuildConfiguration section */
		68D8FDEF1CF0130E008E18B2 /* Debug */ = {
			isa = XCBuildConfiguration;
			buildSettings = {
				ALWAYS_SEARCH_USER_PATHS = NO;
				CLANG_ANALYZER_NONNULL = YES;
				CLANG_CXX_LANGUAGE_STANDARD = "gnu++0x";
				CLANG_CXX_LIBRARY = "libc++";
				CLANG_ENABLE_MODULES = YES;
				CLANG_ENABLE_OBJC_ARC = YES;
				CLANG_WARN_BOOL_CONVERSION = YES;
				CLANG_WARN_CONSTANT_CONVERSION = YES;
				CLANG_WARN_DIRECT_OBJC_ISA_USAGE = YES_ERROR;
				CLANG_WARN_EMPTY_BODY = YES;
				CLANG_WARN_ENUM_CONVERSION = YES;
				CLANG_WARN_INT_CONVERSION = YES;
				CLANG_WARN_OBJC_ROOT_CLASS = YES_ERROR;
				CLANG_WARN_UNREACHABLE_CODE = YES;
				CLANG_WARN__DUPLICATE_METHOD_MATCH = YES;
				"CODE_SIGN_IDENTITY[sdk=iphoneos*]" = "iPhone Developer";
				COPY_PHASE_STRIP = NO;
				DEBUG_INFORMATION_FORMAT = dwarf;
				ENABLE_STRICT_OBJC_MSGSEND = YES;
				ENABLE_TESTABILITY = YES;
				GCC_C_LANGUAGE_STANDARD = gnu99;
				GCC_DYNAMIC_NO_PIC = NO;
				GCC_NO_COMMON_BLOCKS = YES;
				GCC_OPTIMIZATION_LEVEL = 0;
				GCC_PREPROCESSOR_DEFINITIONS = (
					"DEBUG=1",
					"$(inherited)",
				);
				GCC_WARN_64_TO_32_BIT_CONVERSION = YES;
				GCC_WARN_ABOUT_RETURN_TYPE = YES_ERROR;
				GCC_WARN_UNDECLARED_SELECTOR = YES;
				GCC_WARN_UNINITIALIZED_AUTOS = YES_AGGRESSIVE;
				GCC_WARN_UNUSED_FUNCTION = YES;
				GCC_WARN_UNUSED_VARIABLE = YES;
				IPHONEOS_DEPLOYMENT_TARGET = 9.3;
				MTL_ENABLE_DEBUG_INFO = YES;
				ONLY_ACTIVE_ARCH = YES;
				SDKROOT = iphoneos;
				SWIFT_OPTIMIZATION_LEVEL = "-Onone";
			};
			name = Debug;
		};
		68D8FDF01CF0130E008E18B2 /* Release */ = {
			isa = XCBuildConfiguration;
			buildSettings = {
				ALWAYS_SEARCH_USER_PATHS = NO;
				CLANG_ANALYZER_NONNULL = YES;
				CLANG_CXX_LANGUAGE_STANDARD = "gnu++0x";
				CLANG_CXX_LIBRARY = "libc++";
				CLANG_ENABLE_MODULES = YES;
				CLANG_ENABLE_OBJC_ARC = YES;
				CLANG_WARN_BOOL_CONVERSION = YES;
				CLANG_WARN_CONSTANT_CONVERSION = YES;
				CLANG_WARN_DIRECT_OBJC_ISA_USAGE = YES_ERROR;
				CLANG_WARN_EMPTY_BODY = YES;
				CLANG_WARN_ENUM_CONVERSION = YES;
				CLANG_WARN_INT_CONVERSION = YES;
				CLANG_WARN_OBJC_ROOT_CLASS = YES_ERROR;
				CLANG_WARN_UNREACHABLE_CODE = YES;
				CLANG_WARN__DUPLICATE_METHOD_MATCH = YES;
				"CODE_SIGN_IDENTITY[sdk=iphoneos*]" = "iPhone Developer";
				COPY_PHASE_STRIP = NO;
				DEBUG_INFORMATION_FORMAT = "dwarf-with-dsym";
				ENABLE_NS_ASSERTIONS = NO;
				ENABLE_STRICT_OBJC_MSGSEND = YES;
				GCC_C_LANGUAGE_STANDARD = gnu99;
				GCC_NO_COMMON_BLOCKS = YES;
				GCC_WARN_64_TO_32_BIT_CONVERSION = YES;
				GCC_WARN_ABOUT_RETURN_TYPE = YES_ERROR;
				GCC_WARN_UNDECLARED_SELECTOR = YES;
				GCC_WARN_UNINITIALIZED_AUTOS = YES_AGGRESSIVE;
				GCC_WARN_UNUSED_FUNCTION = YES;
				GCC_WARN_UNUSED_VARIABLE = YES;
				IPHONEOS_DEPLOYMENT_TARGET = 9.3;
				MTL_ENABLE_DEBUG_INFO = NO;
				SDKROOT = iphoneos;
				VALIDATE_PRODUCT = YES;
			};
			name = Release;
		};
		68D8FDF21CF0130E008E18B2 /* Debug */ = {
			isa = XCBuildConfiguration;
			baseConfigurationReference = EBA03C7DD31DFA6DFE1AB111 /* Pods-ReactiveLogin.debug.xcconfig */;
			buildSettings = {
				ASSETCATALOG_COMPILER_APPICON_NAME = AppIcon;
				INFOPLIST_FILE = ReactiveLogin/Info.plist;
				LD_RUNPATH_SEARCH_PATHS = "$(inherited) @executable_path/Frameworks";
				PRODUCT_BUNDLE_IDENTIFIER = bx.ReactiveLogin;
				PRODUCT_NAME = "$(TARGET_NAME)";
			};
			name = Debug;
		};
		68D8FDF31CF0130E008E18B2 /* Release */ = {
			isa = XCBuildConfiguration;
			baseConfigurationReference = 64A6DE8117A937FA599FFC64 /* Pods-ReactiveLogin.release.xcconfig */;
			buildSettings = {
				ASSETCATALOG_COMPILER_APPICON_NAME = AppIcon;
				INFOPLIST_FILE = ReactiveLogin/Info.plist;
				LD_RUNPATH_SEARCH_PATHS = "$(inherited) @executable_path/Frameworks";
				PRODUCT_BUNDLE_IDENTIFIER = bx.ReactiveLogin;
				PRODUCT_NAME = "$(TARGET_NAME)";
			};
			name = Release;
		};
/* End XCBuildConfiguration section */

/* Begin XCConfigurationList section */
		68D8FDDA1CF0130E008E18B2 /* Build configuration list for PBXProject "ReactiveLogin" */ = {
			isa = XCConfigurationList;
			buildConfigurations = (
				68D8FDEF1CF0130E008E18B2 /* Debug */,
				68D8FDF01CF0130E008E18B2 /* Release */,
			);
			defaultConfigurationIsVisible = 0;
			defaultConfigurationName = Release;
		};
		68D8FDF11CF0130E008E18B2 /* Build configuration list for PBXNativeTarget "ReactiveLogin" */ = {
			isa = XCConfigurationList;
			buildConfigurations = (
				68D8FDF21CF0130E008E18B2 /* Debug */,
				68D8FDF31CF0130E008E18B2 /* Release */,
			);
			defaultConfigurationIsVisible = 0;
			defaultConfigurationName = Release;
		};
/* End XCConfigurationList section */
	};
	rootObject = 68D8FDD71CF0130E008E18B2 /* Project object */;
}
