// !$*UTF8*$!
{
	archiveVersion = 1;
	classes = {
	};
	objectVersion = 46;
	objects = {

/* Begin PBXBuildFile section */
		681DF6D81C33C4030051266E /* AppDelegate.swift in Sources */ = {isa = PBXBuildFile; fileRef = 681DF6D71C33C4030051266E /* AppDelegate.swift */; };
		681DF6DA1C33C4030051266E /* ViewController.swift in Sources */ = {isa = PBXBuildFile; fileRef = 681DF6D91C33C4030051266E /* ViewController.swift */; };
		681DF6DD1C33C4030051266E /* Main.storyboard in Resources */ = {isa = PBXBuildFile; fileRef = 681DF6DB1C33C4030051266E /* Main.storyboard */; };
		681DF6DF1C33C4030051266E /* Assets.xcassets in Resources */ = {isa = PBXBuildFile; fileRef = 681DF6DE1C33C4030051266E /* Assets.xcassets */; };
		681DF6E21C33C4030051266E /* LaunchScreen.storyboard in Resources */ = {isa = PBXBuildFile; fileRef = 681DF6E01C33C4030051266E /* LaunchScreen.storyboard */; };
		681DF6EE1C360CF70051266E /* AboutUsViewController.swift in Sources */ = {isa = PBXBuildFile; fileRef = 681DF6ED1C360CF70051266E /* AboutUsViewController.swift */; };
		681DF6F41C3617C50051266E /* aboutus.html in Resources */ = {isa = PBXBuildFile; fileRef = 681DF6F31C3617C50051266E /* aboutus.html */; };
/* End PBXBuildFile section */

/* Begin PBXFileReference section */
		681DF6D41C33C4030051266E /* RockScissorPaper.app */ = {isa = PBXFileReference; explicitFileType = wrapper.application; includeInIndex = 0; path = RockScissorPaper.app; sourceTree = BUILT_PRODUCTS_DIR; };
		681DF6D71C33C4030051266E /* AppDelegate.swift */ = {isa = PBXFileReference; lastKnownFileType = sourcecode.swift; path = AppDelegate.swift; sourceTree = "<group>"; };
		681DF6D91C33C4030051266E /* ViewController.swift */ = {isa = PBXFileReference; lastKnownFileType = sourcecode.swift; path = ViewController.swift; sourceTree = "<group>"; };
		681DF6DC1C33C4030051266E /* Base */ = {isa = PBXFileReference; lastKnownFileType = file.storyboard; name = Base; path = Base.lproj/Main.storyboard; sourceTree = "<group>"; };
		681DF6DE1C33C4030051266E /* Assets.xcassets */ = {isa = PBXFileReference; lastKnownFileType = folder.assetcatalog; path = Assets.xcassets; sourceTree = "<group>"; };
		681DF6E11C33C4030051266E /* Base */ = {isa = PBXFileReference; lastKnownFileType = file.storyboard; name = Base; path = Base.lproj/LaunchScreen.storyboard; sourceTree = "<group>"; };
		681DF6E31C33C4030051266E /* Info.plist */ = {isa = PBXFileReference; lastKnownFileType = text.plist.xml; path = Info.plist; sourceTree = "<group>"; };
		681DF6ED1C360CF70051266E /* AboutUsViewController.swift */ = {isa = PBXFileReference; fileEncoding = 4; lastKnownFileType = sourcecode.swift; path = AboutUsViewController.swift; sourceTree = "<group>"; };
		681DF6F31C3617C50051266E /* aboutus.html */ = {isa = PBXFileReference; fileEncoding = 4; lastKnownFileType = text.html; path = aboutus.html; sourceTree = "<group>"; };
/* End PBXFileReference section */

/* Begin PBXFrameworksBuildPhase section */
		681DF6D11C33C4030051266E /* Frameworks */ = {
			isa = PBXFrameworksBuildPhase;
			buildActionMask = 2147483647;
			files = (
			);
			runOnlyForDeploymentPostprocessing = 0;
		};
/* End PBXFrameworksBuildPhase section */

/* Begin PBXGroup section */
		681DF6CB1C33C4030051266E = {
			isa = PBXGroup;
			children = (
				681DF6D61C33C4030051266E /* RockScissorPaper */,
				681DF6D51C33C4030051266E /* Products */,
			);
			sourceTree = "<group>";
		};
		681DF6D51C33C4030051266E /* Products */ = {
			isa = PBXGroup;
			children = (
				681DF6D41C33C4030051266E /* RockScissorPaper.app */,
			);
			name = Products;
			sourceTree = "<group>";
		};
		681DF6D61C33C4030051266E /* RockScissorPaper */ = {
			isa = PBXGroup;
			children = (
				681DF6F31C3617C50051266E /* aboutus.html */,
				681DF6D71C33C4030051266E /* AppDelegate.swift */,
				681DF6D91C33C4030051266E /* ViewController.swift */,
				681DF6ED1C360CF70051266E /* AboutUsViewController.swift */,
				681DF6DB1C33C4030051266E /* Main.storyboard */,
				681DF6DE1C33C4030051266E /* Assets.xcassets */,
				681DF6E01C33C4030051266E /* LaunchScreen.storyboard */,
				681DF6E31C33C4030051266E /* Info.plist */,
			);
			path = RockScissorPaper;
			sourceTree = "<group>";
		};
/* End PBXGroup section */

/* Begin PBXNativeTarget section */
		681DF6D31C33C4030051266E /* RockScissorPaper */ = {
			isa = PBXNativeTarget;
			buildConfigurationList = 681DF6E61C33C4030051266E /* Build configuration list for PBXNativeTarget "RockScissorPaper" */;
			buildPhases = (
				681DF6D01C33C4030051266E /* Sources */,
				681DF6D11C33C4030051266E /* Frameworks */,
				681DF6D21C33C4030051266E /* Resources */,
			);
			buildRules = (
			);
			dependencies = (
			);
			name = RockScissorPaper;
			productName = RockScissorPaper;
			productReference = 681DF6D41C33C4030051266E /* RockScissorPaper.app */;
			productType = "com.apple.product-type.application";
		};
/* End PBXNativeTarget section */

/* Begin PBXProject section */
		681DF6CC1C33C4030051266E /* Project object */ = {
			isa = PBXProject;
			attributes = {
				LastSwiftUpdateCheck = 0720;
				LastUpgradeCheck = 0720;
				ORGANIZATIONNAME = Boxue;
				TargetAttributes = {
					681DF6D31C33C4030051266E = {
						CreatedOnToolsVersion = 7.2;
					};
				};
			};
			buildConfigurationList = 681DF6CF1C33C4030051266E /* Build configuration list for PBXProject "RockScissorPaper" */;
			compatibilityVersion = "Xcode 3.2";
			developmentRegion = English;
			hasScannedForEncodings = 0;
			knownRegions = (
				en,
				Base,
			);
			mainGroup = 681DF6CB1C33C4030051266E;
			productRefGroup = 681DF6D51C33C4030051266E /* Products */;
			projectDirPath = "";
			projectRoot = "";
			targets = (
				681DF6D31C33C4030051266E /* RockScissorPaper */,
			);
		};
/* End PBXProject section */

/* Begin PBXResourcesBuildPhase section */
		681DF6D21C33C4030051266E /* Resources */ = {
			isa = PBXResourcesBuildPhase;
			buildActionMask = 2147483647;
			files = (
				681DF6E21C33C4030051266E /* LaunchScreen.storyboard in Resources */,
				681DF6DF1C33C4030051266E /* Assets.xcassets in Resources */,
				681DF6F41C3617C50051266E /* aboutus.html in Resources */,
				681DF6DD1C33C4030051266E /* Main.storyboard in Resources */,
			);
			runOnlyForDeploymentPostprocessing = 0;
		};
/* End PBXResourcesBuildPhase section */

/* Begin PBXSourcesBuildPhase section */
		681DF6D01C33C4030051266E /* Sources */ = {
			isa = PBXSourcesBuildPhase;
			buildActionMask = 2147483647;
			files = (
				681DF6DA1C33C4030051266E /* ViewController.swift in Sources */,
				681DF6EE1C360CF70051266E /* AboutUsViewController.swift in Sources */,
				681DF6D81C33C4030051266E /* AppDelegate.swift in Sources */,
			);
			runOnlyForDeploymentPostprocessing = 0;
		};
/* End PBXSourcesBuildPhase section */

/* Begin PBXVariantGroup section */
		681DF6DB1C33C4030051266E /* Main.storyboard */ = {
			isa = PBXVariantGroup;
			children = (
				681DF6DC1C33C4030051266E /* Base */,
			);
			name = Main.storyboard;
			sourceTree = "<group>";
		};
		681DF6E01C33C4030051266E /* LaunchScreen.storyboard */ = {
			isa = PBXVariantGroup;
			children = (
				681DF6E11C33C4030051266E /* Base */,
			);
			name = LaunchScreen.storyboard;
			sourceTree = "<group>";
		};
/* End PBXVariantGroup section */

/* Begin XCBuildConfiguration section */
		681DF6E41C33C4030051266E /* Debug */ = {
			isa = XCBuildConfiguration;
			buildSettings = {
				ALWAYS_SEARCH_USER_PATHS = NO;
				CLANG_CXX_LANGUAGE_STANDARD = "gnu++0x";
				CLANG_CXX_LIBRARY = "libc++";
				CLANG_ENABLE_MODULES = YES;
				CLANG_ENABLE_OBJC_ARC = YES;
				CLANG_WARN_BOOL_CONVERSION = YES;
				CLANG_WARN_CONSTANT_CONVERSION = YES;
				CLANG_WARN_DIRECT_OBJC_ISA_USAGE = YES_ERROR;
				CLANG_WARN_EMPTY_BODY = YES;
				CLANG_WARN_ENUM_CONVERSION = YES;
				CLANG_WARN_INT_CONVERSION = YES;
				CLANG_WARN_OBJC_ROOT_CLASS = YES_ERROR;
				CLANG_WARN_UNREACHABLE_CODE = YES;
				CLANG_WARN__DUPLICATE_METHOD_MATCH = YES;
				"CODE_SIGN_IDENTITY[sdk=iphoneos*]" = "iPhone Developer";
				COPY_PHASE_STRIP = NO;
				DEBUG_INFORMATION_FORMAT = dwarf;
				ENABLE_STRICT_OBJC_MSGSEND = YES;
				ENABLE_TESTABILITY = YES;
				GCC_C_LANGUAGE_STANDARD = gnu99;
				GCC_DYNAMIC_NO_PIC = NO;
				GCC_NO_COMMON_BLOCKS = YES;
				GCC_OPTIMIZATION_LEVEL = 0;
				GCC_PREPROCESSOR_DEFINITIONS = (
					"DEBUG=1",
					"$(inherited)",
				);
				GCC_WARN_64_TO_32_BIT_CONVERSION = YES;
				GCC_WARN_ABOUT_RETURN_TYPE = YES_ERROR;
				GCC_WARN_UNDECLARED_SELECTOR = YES;
				GCC_WARN_UNINITIALIZED_AUTOS = YES_AGGRESSIVE;
				GCC_WARN_UNUSED_FUNCTION = YES;
				GCC_WARN_UNUSED_VARIABLE = YES;
				IPHONEOS_DEPLOYMENT_TARGET = 9.2;
				MTL_ENABLE_DEBUG_INFO = YES;
				ONLY_ACTIVE_ARCH = YES;
				SDKROOT = iphoneos;
				SWIFT_OPTIMIZATION_LEVEL = "-Onone";
			};
			name = Debug;
		};
		681DF6E51C33C4030051266E /* Release */ = {
			isa = XCBuildConfiguration;
			buildSettings = {
				ALWAYS_SEARCH_USER_PATHS = NO;
				CLANG_CXX_LANGUAGE_STANDARD = "gnu++0x";
				CLANG_CXX_LIBRARY = "libc++";
				CLANG_ENABLE_MODULES = YES;
				CLANG_ENABLE_OBJC_ARC = YES;
				CLANG_WARN_BOOL_CONVERSION = YES;
				CLANG_WARN_CONSTANT_CONVERSION = YES;
				CLANG_WARN_DIRECT_OBJC_ISA_USAGE = YES_ERROR;
				CLANG_WARN_EMPTY_BODY = YES;
				CLANG_WARN_ENUM_CONVERSION = YES;
				CLANG_WARN_INT_CONVERSION = YES;
				CLANG_WARN_OBJC_ROOT_CLASS = YES_ERROR;
				CLANG_WARN_UNREACHABLE_CODE = YES;
				CLANG_WARN__DUPLICATE_METHOD_MATCH = YES;
				"CODE_SIGN_IDENTITY[sdk=iphoneos*]" = "iPhone Developer";
				COPY_PHASE_STRIP = NO;
				DEBUG_INFORMATION_FORMAT = "dwarf-with-dsym";
				ENABLE_NS_ASSERTIONS = NO;
				ENABLE_STRICT_OBJC_MSGSEND = YES;
				GCC_C_LANGUAGE_STANDARD = gnu99;
				GCC_NO_COMMON_BLOCKS = YES;
				GCC_WARN_64_TO_32_BIT_CONVERSION = YES;
				GCC_WARN_ABOUT_RETURN_TYPE = YES_ERROR;
				GCC_WARN_UNDECLARED_SELECTOR = YES;
				GCC_WARN_UNINITIALIZED_AUTOS = YES_AGGRESSIVE;
				GCC_WARN_UNUSED_FUNCTION = YES;
				GCC_WARN_UNUSED_VARIABLE = YES;
				IPHONEOS_DEPLOYMENT_TARGET = 9.2;
				MTL_ENABLE_DEBUG_INFO = NO;
				SDKROOT = iphoneos;
				VALIDATE_PRODUCT = YES;
			};
			name = Release;
		};
		681DF6E71C33C4030051266E /* Debug */ = {
			isa = XCBuildConfiguration;
			buildSettings = {
				ASSETCATALOG_COMPILER_APPICON_NAME = AppIcon;
				INFOPLIST_FILE = RockScissorPaper/Info.plist;
				LD_RUNPATH_SEARCH_PATHS = "$(inherited) @executable_path/Frameworks";
				PRODUCT_BUNDLE_IDENTIFIER = bx.RockScissorPaper;
				PRODUCT_NAME = "$(TARGET_NAME)";
			};
			name = Debug;
		};
		681DF6E81C33C4030051266E /* Release */ = {
			isa = XCBuildConfiguration;
			buildSettings = {
				ASSETCATALOG_COMPILER_APPICON_NAME = AppIcon;
				INFOPLIST_FILE = RockScissorPaper/Info.plist;
				LD_RUNPATH_SEARCH_PATHS = "$(inherited) @executable_path/Frameworks";
				PRODUCT_BUNDLE_IDENTIFIER = bx.RockScissorPaper;
				PRODUCT_NAME = "$(TARGET_NAME)";
			};
			name = Release;
		};
/* End XCBuildConfiguration section */

/* Begin XCConfigurationList section */
		681DF6CF1C33C4030051266E /* Build configuration list for PBXProject "RockScissorPaper" */ = {
			isa = XCConfigurationList;
			buildConfigurations = (
				681DF6E41C33C4030051266E /* Debug */,
				681DF6E51C33C4030051266E /* Release */,
			);
			defaultConfigurationIsVisible = 0;
			defaultConfigurationName = Release;
		};
		681DF6E61C33C4030051266E /* Build configuration list for PBXNativeTarget "RockScissorPaper" */ = {
			isa = XCConfigurationList;
			buildConfigurations = (
				681DF6E71C33C4030051266E /* Debug */,
				681DF6E81C33C4030051266E /* Release */,
			);
			defaultConfigurationIsVisible = 0;
			defaultConfigurationName = Release;
		};
/* End XCConfigurationList section */
	};
	rootObject = 681DF6CC1C33C4030051266E /* Project object */;
}
