// !$*UTF8*$!
{
	archiveVersion = 1;
	classes = {
	};
	objectVersion = 46;
	objects = {

/* Begin PBXBuildFile section */
		68BCE1A21CE1FCE80005D7AA /* AppDelegate.swift in Sources */ = {isa = PBXBuildFile; fileRef = 68BCE1A11CE1FCE80005D7AA /* AppDelegate.swift */; };
		68BCE1A41CE1FCE80005D7AA /* ViewController.swift in Sources */ = {isa = PBXBuildFile; fileRef = 68BCE1A31CE1FCE80005D7AA /* ViewController.swift */; };
		68BCE1A71CE1FCE80005D7AA /* Main.storyboard in Resources */ = {isa = PBXBuildFile; fileRef = 68BCE1A51CE1FCE80005D7AA /* Main.storyboard */; };
		68BCE1A91CE1FCE80005D7AA /* Assets.xcassets in Resources */ = {isa = PBXBuildFile; fileRef = 68BCE1A81CE1FCE80005D7AA /* Assets.xcassets */; };
		68BCE1AC1CE1FCE80005D7AA /* LaunchScreen.storyboard in Resources */ = {isa = PBXBuildFile; fileRef = 68BCE1AA1CE1FCE80005D7AA /* LaunchScreen.storyboard */; };
/* End PBXBuildFile section */

/* Begin PBXFileReference section */
		68BCE19E1CE1FCE80005D7AA /* ThinkingInRxSwift.app */ = {isa = PBXFileReference; explicitFileType = wrapper.application; includeInIndex = 0; path = ThinkingInRxSwift.app; sourceTree = BUILT_PRODUCTS_DIR; };
		68BCE1A11CE1FCE80005D7AA /* AppDelegate.swift */ = {isa = PBXFileReference; lastKnownFileType = sourcecode.swift; path = AppDelegate.swift; sourceTree = "<group>"; };
		68BCE1A31CE1FCE80005D7AA /* ViewController.swift */ = {isa = PBXFileReference; lastKnownFileType = sourcecode.swift; path = ViewController.swift; sourceTree = "<group>"; };
		68BCE1A61CE1FCE80005D7AA /* Base */ = {isa = PBXFileReference; lastKnownFileType = file.storyboard; name = Base; path = Base.lproj/Main.storyboard; sourceTree = "<group>"; };
		68BCE1A81CE1FCE80005D7AA /* Assets.xcassets */ = {isa = PBXFileReference; lastKnownFileType = folder.assetcatalog; path = Assets.xcassets; sourceTree = "<group>"; };
		68BCE1AB1CE1FCE80005D7AA /* Base */ = {isa = PBXFileReference; lastKnownFileType = file.storyboard; name = Base; path = Base.lproj/LaunchScreen.storyboard; sourceTree = "<group>"; };
		68BCE1AD1CE1FCE80005D7AA /* Info.plist */ = {isa = PBXFileReference; lastKnownFileType = text.plist.xml; path = Info.plist; sourceTree = "<group>"; };
/* End PBXFileReference section */

/* Begin PBXFrameworksBuildPhase section */
		68BCE19B1CE1FCE80005D7AA /* Frameworks */ = {
			isa = PBXFrameworksBuildPhase;
			buildActionMask = 2147483647;
			files = (
			);
			runOnlyForDeploymentPostprocessing = 0;
		};
/* End PBXFrameworksBuildPhase section */

/* Begin PBXGroup section */
		68BCE1951CE1FCE80005D7AA = {
			isa = PBXGroup;
			children = (
				68BCE1A01CE1FCE80005D7AA /* ThinkingInRxSwift */,
				68BCE19F1CE1FCE80005D7AA /* Products */,
			);
			sourceTree = "<group>";
		};
		68BCE19F1CE1FCE80005D7AA /* Products */ = {
			isa = PBXGroup;
			children = (
				68BCE19E1CE1FCE80005D7AA /* ThinkingInRxSwift.app */,
			);
			name = Products;
			sourceTree = "<group>";
		};
		68BCE1A01CE1FCE80005D7AA /* ThinkingInRxSwift */ = {
			isa = PBXGroup;
			children = (
				68BCE1A11CE1FCE80005D7AA /* AppDelegate.swift */,
				68BCE1A31CE1FCE80005D7AA /* ViewController.swift */,
				68BCE1A51CE1FCE80005D7AA /* Main.storyboard */,
				68BCE1A81CE1FCE80005D7AA /* Assets.xcassets */,
				68BCE1AA1CE1FCE80005D7AA /* LaunchScreen.storyboard */,
				68BCE1AD1CE1FCE80005D7AA /* Info.plist */,
			);
			path = ThinkingInRxSwift;
			sourceTree = "<group>";
		};
/* End PBXGroup section */

/* Begin PBXNativeTarget section */
		68BCE19D1CE1FCE80005D7AA /* ThinkingInRxSwift */ = {
			isa = PBXNativeTarget;
			buildConfigurationList = 68BCE1B01CE1FCE80005D7AA /* Build configuration list for PBXNativeTarget "ThinkingInRxSwift" */;
			buildPhases = (
				68BCE19A1CE1FCE80005D7AA /* Sources */,
				68BCE19B1CE1FCE80005D7AA /* Frameworks */,
				68BCE19C1CE1FCE80005D7AA /* Resources */,
			);
			buildRules = (
			);
			dependencies = (
			);
			name = ThinkingInRxSwift;
			productName = ThinkingInRxSwift;
			productReference = 68BCE19E1CE1FCE80005D7AA /* ThinkingInRxSwift.app */;
			productType = "com.apple.product-type.application";
		};
/* End PBXNativeTarget section */

/* Begin PBXProject section */
		68BCE1961CE1FCE80005D7AA /* Project object */ = {
			isa = PBXProject;
			attributes = {
				LastSwiftUpdateCheck = 0730;
				LastUpgradeCheck = 0730;
				ORGANIZATIONNAME = Boxue;
				TargetAttributes = {
					68BCE19D1CE1FCE80005D7AA = {
						CreatedOnToolsVersion = 7.3;
					};
				};
			};
			buildConfigurationList = 68BCE1991CE1FCE80005D7AA /* Build configuration list for PBXProject "ThinkingInRxSwift" */;
			compatibilityVersion = "Xcode 3.2";
			developmentRegion = English;
			hasScannedForEncodings = 0;
			knownRegions = (
				en,
				Base,
			);
			mainGroup = 68BCE1951CE1FCE80005D7AA;
			productRefGroup = 68BCE19F1CE1FCE80005D7AA /* Products */;
			projectDirPath = "";
			projectRoot = "";
			targets = (
				68BCE19D1CE1FCE80005D7AA /* ThinkingInRxSwift */,
			);
		};
/* End PBXProject section */

/* Begin PBXResourcesBuildPhase section */
		68BCE19C1CE1FCE80005D7AA /* Resources */ = {
			isa = PBXResourcesBuildPhase;
			buildActionMask = 2147483647;
			files = (
				68BCE1AC1CE1FCE80005D7AA /* LaunchScreen.storyboard in Resources */,
				68BCE1A91CE1FCE80005D7AA /* Assets.xcassets in Resources */,
				68BCE1A71CE1FCE80005D7AA /* Main.storyboard in Resources */,
			);
			runOnlyForDeploymentPostprocessing = 0;
		};
/* End PBXResourcesBuildPhase section */

/* Begin PBXSourcesBuildPhase section */
		68BCE19A1CE1FCE80005D7AA /* Sources */ = {
			isa = PBXSourcesBuildPhase;
			buildActionMask = 2147483647;
			files = (
				68BCE1A41CE1FCE80005D7AA /* ViewController.swift in Sources */,
				68BCE1A21CE1FCE80005D7AA /* AppDelegate.swift in Sources */,
			);
			runOnlyForDeploymentPostprocessing = 0;
		};
/* End PBXSourcesBuildPhase section */

/* Begin PBXVariantGroup section */
		68BCE1A51CE1FCE80005D7AA /* Main.storyboard */ = {
			isa = PBXVariantGroup;
			children = (
				68BCE1A61CE1FCE80005D7AA /* Base */,
			);
			name = Main.storyboard;
			sourceTree = "<group>";
		};
		68BCE1AA1CE1FCE80005D7AA /* LaunchScreen.storyboard */ = {
			isa = PBXVariantGroup;
			children = (
				68BCE1AB1CE1FCE80005D7AA /* Base */,
			);
			name = LaunchScreen.storyboard;
			sourceTree = "<group>";
		};
/* End PBXVariantGroup section */

/* Begin XCBuildConfiguration section */
		68BCE1AE1CE1FCE80005D7AA /* Debug */ = {
			isa = XCBuildConfiguration;
			buildSettings = {
				ALWAYS_SEARCH_USER_PATHS = NO;
				CLANG_ANALYZER_NONNULL = YES;
				CLANG_CXX_LANGUAGE_STANDARD = "gnu++0x";
				CLANG_CXX_LIBRARY = "libc++";
				CLANG_ENABLE_MODULES = YES;
				CLANG_ENABLE_OBJC_ARC = YES;
				CLANG_WARN_BOOL_CONVERSION = YES;
				CLANG_WARN_CONSTANT_CONVERSION = YES;
				CLANG_WARN_DIRECT_OBJC_ISA_USAGE = YES_ERROR;
				CLANG_WARN_EMPTY_BODY = YES;
				CLANG_WARN_ENUM_CONVERSION = YES;
				CLANG_WARN_INT_CONVERSION = YES;
				CLANG_WARN_OBJC_ROOT_CLASS = YES_ERROR;
				CLANG_WARN_UNREACHABLE_CODE = YES;
				CLANG_WARN__DUPLICATE_METHOD_MATCH = YES;
				"CODE_SIGN_IDENTITY[sdk=iphoneos*]" = "iPhone Developer";
				COPY_PHASE_STRIP = NO;
				DEBUG_INFORMATION_FORMAT = dwarf;
				ENABLE_STRICT_OBJC_MSGSEND = YES;
				ENABLE_TESTABILITY = YES;
				GCC_C_LANGUAGE_STANDARD = gnu99;
				GCC_DYNAMIC_NO_PIC = NO;
				GCC_NO_COMMON_BLOCKS = YES;
				GCC_OPTIMIZATION_LEVEL = 0;
				GCC_PREPROCESSOR_DEFINITIONS = (
					"DEBUG=1",
					"$(inherited)",
				);
				GCC_WARN_64_TO_32_BIT_CONVERSION = YES;
				GCC_WARN_ABOUT_RETURN_TYPE = YES_ERROR;
				GCC_WARN_UNDECLARED_SELECTOR = YES;
				GCC_WARN_UNINITIALIZED_AUTOS = YES_AGGRESSIVE;
				GCC_WARN_UNUSED_FUNCTION = YES;
				GCC_WARN_UNUSED_VARIABLE = YES;
				IPHONEOS_DEPLOYMENT_TARGET = 9.3;
				MTL_ENABLE_DEBUG_INFO = YES;
				ONLY_ACTIVE_ARCH = YES;
				SDKROOT = iphoneos;
				SWIFT_OPTIMIZATION_LEVEL = "-Onone";
			};
			name = Debug;
		};
		68BCE1AF1CE1FCE80005D7AA /* Release */ = {
			isa = XCBuildConfiguration;
			buildSettings = {
				ALWAYS_SEARCH_USER_PATHS = NO;
				CLANG_ANALYZER_NONNULL = YES;
				CLANG_CXX_LANGUAGE_STANDARD = "gnu++0x";
				CLANG_CXX_LIBRARY = "libc++";
				CLANG_ENABLE_MODULES = YES;
				CLANG_ENABLE_OBJC_ARC = YES;
				CLANG_WARN_BOOL_CONVERSION = YES;
				CLANG_WARN_CONSTANT_CONVERSION = YES;
				CLANG_WARN_DIRECT_OBJC_ISA_USAGE = YES_ERROR;
				CLANG_WARN_EMPTY_BODY = YES;
				CLANG_WARN_ENUM_CONVERSION = YES;
				CLANG_WARN_INT_CONVERSION = YES;
				CLANG_WARN_OBJC_ROOT_CLASS = YES_ERROR;
				CLANG_WARN_UNREACHABLE_CODE = YES;
				CLANG_WARN__DUPLICATE_METHOD_MATCH = YES;
				"CODE_SIGN_IDENTITY[sdk=iphoneos*]" = "iPhone Developer";
				COPY_PHASE_STRIP = NO;
				DEBUG_INFORMATION_FORMAT = "dwarf-with-dsym";
				ENABLE_NS_ASSERTIONS = NO;
				ENABLE_STRICT_OBJC_MSGSEND = YES;
				GCC_C_LANGUAGE_STANDARD = gnu99;
				GCC_NO_COMMON_BLOCKS = YES;
				GCC_WARN_64_TO_32_BIT_CONVERSION = YES;
				GCC_WARN_ABOUT_RETURN_TYPE = YES_ERROR;
				GCC_WARN_UNDECLARED_SELECTOR = YES;
				GCC_WARN_UNINITIALIZED_AUTOS = YES_AGGRESSIVE;
				GCC_WARN_UNUSED_FUNCTION = YES;
				GCC_WARN_UNUSED_VARIABLE = YES;
				IPHONEOS_DEPLOYMENT_TARGET = 9.3;
				MTL_ENABLE_DEBUG_INFO = NO;
				SDKROOT = iphoneos;
				VALIDATE_PRODUCT = YES;
			};
			name = Release;
		};
		68BCE1B11CE1FCE80005D7AA /* Debug */ = {
			isa = XCBuildConfiguration;
			buildSettings = {
				ASSETCATALOG_COMPILER_APPICON_NAME = AppIcon;
				INFOPLIST_FILE = ThinkingInRxSwift/Info.plist;
				LD_RUNPATH_SEARCH_PATHS = "$(inherited) @executable_path/Frameworks";
				PRODUCT_BUNDLE_IDENTIFIER = bx.ThinkingInRxSwift;
				PRODUCT_NAME = "$(TARGET_NAME)";
			};
			name = Debug;
		};
		68BCE1B21CE1FCE80005D7AA /* Release */ = {
			isa = XCBuildConfiguration;
			buildSettings = {
				ASSETCATALOG_COMPILER_APPICON_NAME = AppIcon;
				INFOPLIST_FILE = ThinkingInRxSwift/Info.plist;
				LD_RUNPATH_SEARCH_PATHS = "$(inherited) @executable_path/Frameworks";
				PRODUCT_BUNDLE_IDENTIFIER = bx.ThinkingInRxSwift;
				PRODUCT_NAME = "$(TARGET_NAME)";
			};
			name = Release;
		};
/* End XCBuildConfiguration section */

/* Begin XCConfigurationList section */
		68BCE1991CE1FCE80005D7AA /* Build configuration list for PBXProject "ThinkingInRxSwift" */ = {
			isa = XCConfigurationList;
			buildConfigurations = (
				68BCE1AE1CE1FCE80005D7AA /* Debug */,
				68BCE1AF1CE1FCE80005D7AA /* Release */,
			);
			defaultConfigurationIsVisible = 0;
			defaultConfigurationName = Release;
		};
		68BCE1B01CE1FCE80005D7AA /* Build configuration list for PBXNativeTarget "ThinkingInRxSwift" */ = {
			isa = XCConfigurationList;
			buildConfigurations = (
				68BCE1B11CE1FCE80005D7AA /* Debug */,
				68BCE1B21CE1FCE80005D7AA /* Release */,
			);
			defaultConfigurationIsVisible = 0;
		};
/* End XCConfigurationList section */
	};
	rootObject = 68BCE1961CE1FCE80005D7AA /* Project object */;
}
