<?xml version="1.0" encoding="UTF-8"?>
<Scheme
   version = "1.3">
   <BuildAction>
      <BuildActionEntries>
         <BuildActionEntry
            buildForRunning = "YES">
            <BuildableReference
               BuildableIdentifier = "primary"
               BlueprintIdentifier = "994BF5914FB81591F1C0BBDB"
               BuildableName = "ResultErrorHandling"
               BlueprintName = "ResultErrorHandling"
               ReferencedContainer = "container:ResultErrorHandling.xcodeproj">
            </BuildableReference>
         </BuildActionEntry>
      </BuildActionEntries>
   </BuildAction>
   <LaunchAction
      useCustomWorkingDirectory = "NO"
      buildConfiguration = "Debug">
      <BuildableProductRunnable>
         <BuildableReference
            BuildableIdentifier = "primary"
            BlueprintIdentifier = "994BF5914FB81591F1C0BBDB"
            BuildableName = "ResultErrorHandling"
            BlueprintName = "ResultErrorHandling"
            ReferencedContainer = "container:ResultErrorHandling.xcodeproj">
         </BuildableReference>
      </BuildableProductRunnable>
   </LaunchAction>
</Scheme>
